
Microsoft Visual Studio Solution File, Format Version 12.00
# Visual Studio Version 17
VisualStudioVersion = 17.12.35527.113 d17.12
MinimumVisualStudioVersion = 10.0.40219.1
Project("{FAE04EC0-301F-11D3-BF4B-00C04F79EFBC}") = "InputValidation", "InputValidation\InputValidation.csproj", "{4393F033-881A-405C-9639-DB25D164121E}"
EndProject
Project("{FAE04EC0-301F-11D3-BF4B-00C04F79EFBC}") = "Builder", "Builder\Builder.csproj", "{F537DD9E-2B7A-43D9-8680-18F25180EB5A}"
EndProject
Project("{FAE04EC0-301F-11D3-BF4B-00C04F79EFBC}") = "HybridCacheDemo", "HybridCacheDemo\HybridCacheDemo.csproj", "{01DA586F-D168-4186-8FE9-853155950EA6}"
EndProject
Project("{2150E333-8FDC-42A3-9474-1A3956D46DE8}") = "Solution Items", "Solution Items", "{3DFDFB7E-2D03-4167-A194-8C5BBA0B5BAF}"
	ProjectSection(SolutionItems) = preProject
		compose.yaml = compose.yaml
	EndProjectSection
EndProject
Project("{FAE04EC0-301F-11D3-BF4B-00C04F79EFBC}") = "HttpClientVersions", "HttpClientVersions\HttpClientVersions.csproj", "{EFA52740-541C-47F0-B57A-2757229AD945}"
EndProject
Global
	GlobalSection(SolutionConfigurationPlatforms) = preSolution
		Debug|Any CPU = Debug|Any CPU
		Release|Any CPU = Release|Any CPU
	EndGlobalSection
	GlobalSection(ProjectConfigurationPlatforms) = postSolution
		{4393F033-881A-405C-9639-DB25D164121E}.Debug|Any CPU.ActiveCfg = Debug|Any CPU
		{4393F033-881A-405C-9639-DB25D164121E}.Debug|Any CPU.Build.0 = Debug|Any CPU
		{4393F033-881A-405C-9639-DB25D164121E}.Release|Any CPU.ActiveCfg = Release|Any CPU
		{4393F033-881A-405C-9639-DB25D164121E}.Release|Any CPU.Build.0 = Release|Any CPU
		{F537DD9E-2B7A-43D9-8680-18F25180EB5A}.Debug|Any CPU.ActiveCfg = Debug|Any CPU
		{F537DD9E-2B7A-43D9-8680-18F25180EB5A}.Debug|Any CPU.Build.0 = Debug|Any CPU
		{F537DD9E-2B7A-43D9-8680-18F25180EB5A}.Release|Any CPU.ActiveCfg = Release|Any CPU
		{F537DD9E-2B7A-43D9-8680-18F25180EB5A}.Release|Any CPU.Build.0 = Release|Any CPU
		{01DA586F-D168-4186-8FE9-853155950EA6}.Debug|Any CPU.ActiveCfg = Debug|Any CPU
		{01DA586F-D168-4186-8FE9-853155950EA6}.Debug|Any CPU.Build.0 = Debug|Any CPU
		{01DA586F-D168-4186-8FE9-853155950EA6}.Release|Any CPU.ActiveCfg = Release|Any CPU
		{01DA586F-D168-4186-8FE9-853155950EA6}.Release|Any CPU.Build.0 = Release|Any CPU
		{EFA52740-541C-47F0-B57A-2757229AD945}.Debug|Any CPU.ActiveCfg = Debug|Any CPU
		{EFA52740-541C-47F0-B57A-2757229AD945}.Debug|Any CPU.Build.0 = Debug|Any CPU
		{EFA52740-541C-47F0-B57A-2757229AD945}.Release|Any CPU.ActiveCfg = Release|Any CPU
		{EFA52740-541C-47F0-B57A-2757229AD945}.Release|Any CPU.Build.0 = Release|Any CPU
	EndGlobalSection
	GlobalSection(SolutionProperties) = preSolution
		HideSolutionNode = FALSE
	EndGlobalSection
EndGlobal
